
Microsoft Visual Studio Solution File, Format Version 12.00
# Visual Studio 15
VisualStudioVersion = 15.0.27428.2043
MinimumVisualStudioVersion = 10.0.40219.1
Project("{FAE04EC0-301F-11D3-BF4B-00C04F79EFBC}") = "MasterDetailsApp", "MasterDetailsApp\MasterDetailsApp.csproj", "{3A246964-AA9C-43E9-B6CF-999E995D0255}"
EndProject
Global
	GlobalSection(SolutionConfigurationPlatforms) = preSolution
		Debug|Any CPU = Debug|Any CPU
		Release|Any CPU = Release|Any CPU
	EndGlobalSection
	GlobalSection(ProjectConfigurationPlatforms) = postSolution
		{3A246964-AA9C-43E9-B6CF-999E995D0255}.Debug|Any CPU.ActiveCfg = Debug|Any CPU
		{3A246964-AA9C-43E9-B6CF-999E995D0255}.Debug|Any CPU.Build.0 = Debug|Any CPU
		{3A246964-AA9C-43E9-B6CF-999E995D0255}.Release|Any CPU.ActiveCfg = Release|Any CPU
		{3A246964-AA9C-43E9-B6CF-999E995D0255}.Release|Any CPU.Build.0 = Release|Any CPU
	EndGlobalSection
	GlobalSection(SolutionProperties) = preSolution
		HideSolutionNode = FALSE
	EndGlobalSection
	GlobalSection(ExtensibilityGlobals) = postSolution
		SolutionGuid = {A0A21658-2BA4-4983-8A3A-1C4B95A7B20D}
	EndGlobalSection
EndGlobal
